{
  "version": 2,
  "dependencies": {
    "net10.0": {
      "AWSSDK.S3": {
        "type": "Direct",
        "requested": "[4.0.12, )",
        "resolved": "4.0.12",
        "contentHash": "VTeI/17aaa721c0h18aA2KKcyKRnmgj9cqzUqpsVAsTP/BFE9oeQqqRlnDknErpes7xrr8CPOK7RJY5O5o3RIA==",
        "dependencies": {
          "AWSSDK.Core": "[4.0.3.2, 5.0.0)"
        }
      },
      "Microsoft.CodeAnalysis.NetAnalyzers": {
        "type": "Direct",
        "requested": "[10.0.202, )",
        "resolved": "10.0.202",
        "contentHash": "ZC4WsiOnzyUHIZ3uGN4popaYPh2NgYcXZ/CpMpAb3mVF/HvBGlBtlredzZMKgcHqlm+ygqJh6qfhUSc/OJ0hWQ=="
      },
      "norge360.media": {
        "type": "Project",
        "dependencies": {
          "SixLabors.ImageSharp": "[3.1.12, )"
        }
      },
      "AWSSDK.Core": {
        "type": "CentralTransitive",
        "requested": "[4.0.7.5, )",
        "resolved": "4.0.7.5",
        "contentHash": "kOx1nlnJic0Ao+tpCia/DxmttQCPuKLWbfuJuXSJnG03yur0TRfPDCvkrroZ/4yuy0fLomPf46vDYnpkk01J9w=="
      },
      "SixLabors.ImageSharp": {
        "type": "CentralTransitive",
        "requested": "[3.1.12, )",
        "resolved": "3.1.12",
        "contentHash": "iAg6zifihXEFS/t7fiHhZBGAdCp3FavsF4i2ZIDp0JfeYeDVzvmlbY1CNhhIKimaIzrzSi5M/NBFcWvZT2rB/A=="
      }
    }
  }
}